
Microsoft Visual Studio Solution File, Format Version 12.00
# Visual Studio Version 16
VisualStudioVersion = 16.0.29519.181
MinimumVisualStudioVersion = 10.0.40219.1
Project("{9A19103F-16F7-4668-BE54-9A1E7A4F7556}") = "_Main", "NetCore.GpsTracking.Project\NetCore.GpsTracking.Project\_Main.csproj", "{8EBCB91E-394E-44F3-9CA1-ECD48A6C9942}"
EndProject
Project("{9A19103F-16F7-4668-BE54-9A1E7A4F7556}") = "GpsTracking", "NetCore.GpsTracking\NetCore.GpsTracking\GpsTracking.csproj", "{349E5CD3-92D2-4698-A690-EE8B73621793}"
EndProject
Project("{E24C65DC-7377-472B-9ABA-BC803B73C61A}") = "_Index", "NetCore.GpsTracking.Project\_Index\", "{483A6559-9CAD-477D-8EE7-BD286F3B85CF}"
	ProjectSection(WebsiteProperties) = preProject
		TargetFrameworkMoniker = ".NETFramework,Version%3Dv4.0"
		Debug.AspNetCompiler.VirtualPath = "/localhost_64807"
		Debug.AspNetCompiler.PhysicalPath = "NetCore.GpsTracking.Project\_Index\"
		Debug.AspNetCompiler.TargetPath = "PrecompiledWeb\localhost_64807\"
		Debug.AspNetCompiler.Updateable = "true"
		Debug.AspNetCompiler.ForceOverwrite = "true"
		Debug.AspNetCompiler.FixedNames = "false"
		Debug.AspNetCompiler.Debug = "True"
		Release.AspNetCompiler.VirtualPath = "/localhost_64807"
		Release.AspNetCompiler.PhysicalPath = "NetCore.GpsTracking.Project\_Index\"
		Release.AspNetCompiler.TargetPath = "PrecompiledWeb\localhost_64807\"
		Release.AspNetCompiler.Updateable = "true"
		Release.AspNetCompiler.ForceOverwrite = "true"
		Release.AspNetCompiler.FixedNames = "false"
		Release.AspNetCompiler.Debug = "False"
		VWDPort = "64807"
		SlnRelativePath = "NetCore.GpsTracking.Project\_Index\"
	EndProjectSection
EndProject
Project("{E24C65DC-7377-472B-9ABA-BC803B73C61A}") = "_Vue", "..\..\..\! Dev\_Vue\", "{E2A71122-C225-481E-940B-1921754F5293}"
	ProjectSection(WebsiteProperties) = preProject
		TargetFrameworkMoniker = ".NETFramework,Version%3Dv4.0"
		Debug.AspNetCompiler.VirtualPath = "/localhost_61342"
		Debug.AspNetCompiler.PhysicalPath = "..\..\..\! Dev\_Vue\"
		Debug.AspNetCompiler.TargetPath = "PrecompiledWeb\localhost_61342\"
		Debug.AspNetCompiler.Updateable = "true"
		Debug.AspNetCompiler.ForceOverwrite = "true"
		Debug.AspNetCompiler.FixedNames = "false"
		Debug.AspNetCompiler.Debug = "True"
		Release.AspNetCompiler.VirtualPath = "/localhost_61342"
		Release.AspNetCompiler.PhysicalPath = "..\..\..\! Dev\_Vue\"
		Release.AspNetCompiler.TargetPath = "PrecompiledWeb\localhost_61342\"
		Release.AspNetCompiler.Updateable = "true"
		Release.AspNetCompiler.ForceOverwrite = "true"
		Release.AspNetCompiler.FixedNames = "false"
		Release.AspNetCompiler.Debug = "False"
		VWDPort = "61342"
		SlnRelativePath = "..\..\..\! Dev\_Vue\"
	EndProjectSection
EndProject
Global
	GlobalSection(SolutionConfigurationPlatforms) = preSolution
		Debug|Any CPU = Debug|Any CPU
		Release|Any CPU = Release|Any CPU
	EndGlobalSection
	GlobalSection(ProjectConfigurationPlatforms) = postSolution
		{8EBCB91E-394E-44F3-9CA1-ECD48A6C9942}.Debug|Any CPU.ActiveCfg = Debug|Any CPU
		{8EBCB91E-394E-44F3-9CA1-ECD48A6C9942}.Debug|Any CPU.Build.0 = Debug|Any CPU
		{8EBCB91E-394E-44F3-9CA1-ECD48A6C9942}.Release|Any CPU.ActiveCfg = Release|Any CPU
		{8EBCB91E-394E-44F3-9CA1-ECD48A6C9942}.Release|Any CPU.Build.0 = Release|Any CPU
		{349E5CD3-92D2-4698-A690-EE8B73621793}.Debug|Any CPU.ActiveCfg = Debug|Any CPU
		{349E5CD3-92D2-4698-A690-EE8B73621793}.Debug|Any CPU.Build.0 = Debug|Any CPU
		{349E5CD3-92D2-4698-A690-EE8B73621793}.Release|Any CPU.ActiveCfg = Release|Any CPU
		{349E5CD3-92D2-4698-A690-EE8B73621793}.Release|Any CPU.Build.0 = Release|Any CPU
		{483A6559-9CAD-477D-8EE7-BD286F3B85CF}.Debug|Any CPU.ActiveCfg = Debug|Any CPU
		{483A6559-9CAD-477D-8EE7-BD286F3B85CF}.Debug|Any CPU.Build.0 = Debug|Any CPU
		{483A6559-9CAD-477D-8EE7-BD286F3B85CF}.Release|Any CPU.ActiveCfg = Debug|Any CPU
		{483A6559-9CAD-477D-8EE7-BD286F3B85CF}.Release|Any CPU.Build.0 = Debug|Any CPU
		{E2A71122-C225-481E-940B-1921754F5293}.Debug|Any CPU.ActiveCfg = Debug|Any CPU
		{E2A71122-C225-481E-940B-1921754F5293}.Debug|Any CPU.Build.0 = Debug|Any CPU
		{E2A71122-C225-481E-940B-1921754F5293}.Release|Any CPU.ActiveCfg = Debug|Any CPU
		{E2A71122-C225-481E-940B-1921754F5293}.Release|Any CPU.Build.0 = Debug|Any CPU
	EndGlobalSection
	GlobalSection(SolutionProperties) = preSolution
		HideSolutionNode = FALSE
	EndGlobalSection
	GlobalSection(ExtensibilityGlobals) = postSolution
		SolutionGuid = {AE844F2A-1F15-4CC7-8E08-F35ADE867FB2}
	EndGlobalSection
EndGlobal
